{
  "version": 4,
  "terraform_version": "1.14.1",
  "serial": 52,
  "lineage": "2384469e-db68-fbdf-f07d-61dc2524e1b2",
  "outputs": {
    "build_server_public_ip": {
      "value": "54.224.97.138",
      "type": "string"
    },
    "jenkins_url": {
      "value": "http://54.224.97.138:8080",
      "type": "string"
    },
    "sonarqube_server_public_ip": {
      "value": "34.207.169.3",
      "type": "string"
    },
    "sonarqube_url": {
      "value": "http://34.207.169.3:9000",
      "type": "string"
    },
    "ssh_command_examples": {
      "value": {
        "build_server": "ssh -i ./.backup/devsecops-key.pem ubuntu@54.224.97.138",
        "jenkins_master": "ssh -i ./.backup/devsecops-key.pem ubuntu@34.201.218.23",
        "sonarqube_server": "ssh -i ./.backup/devsecops-key.pem ubuntu@34.207.169.3"
      },
      "type": [
        "object",
        {
          "build_server": "string",
          "jenkins_master": "string",
          "sonarqube_server": "string"
        }
      ]
    },
    "ssh_private_key_path": {
      "value": "./.backup/devsecops-key.pem",
      "type": "string"
    }
  },
  "resources": [
    {
      "module": "module.build_server",
      "mode": "managed",
      "type": "aws_instance",
      "name": "this",
      "provider": "provider[\"registry.terraform.io/hashicorp/aws\"]",
      "instances": [
        {
          "schema_version": 1,
          "attributes": {
            "ami": "ami-0ecb62995f68bb549",
            "arn": "arn:aws:ec2:us-east-1:365269738775:instance/i-0a780f8fa9f6522aa",
            "associate_public_ip_address": true,
            "availability_zone": "us-east-1a",
            "capacity_reservation_specification": [
              {
                "capacity_reservation_preference": "open",
                "capacity_reservation_target": []
              }
            ],
            "cpu_core_count": 1,
            "cpu_options": [
              {
                "amd_sev_snp": "",
                "core_count": 1,
                "threads_per_core": 2
              }
            ],
            "cpu_threads_per_core": 2,
            "credit_specification": [
              {
                "cpu_credits": "unlimited"
              }
            ],
            "disable_api_stop": false,
            "disable_api_termination": false,
            "ebs_block_device": [],
            "ebs_optimized": false,
            "enable_primary_ipv6": null,
            "enclave_options": [
              {
                "enabled": false
              }
            ],
            "ephemeral_block_device": [],
            "get_password_data": false,
            "hibernation": false,
            "host_id": "",
            "host_resource_group_arn": null,
            "iam_instance_profile": "",
            "id": "i-0a780f8fa9f6522aa",
            "instance_initiated_shutdown_behavior": "stop",
            "instance_lifecycle": "",
            "instance_market_options": [],
            "instance_state": "running",
            "instance_type": "t3.medium",
            "ipv6_address_count": 0,
            "ipv6_addresses": [],
            "key_name": "devsecops-key",
            "launch_template": [],
            "maintenance_options": [
              {
                "auto_recovery": "default"
              }
            ],
            "metadata_options": [
              {
                "http_endpoint": "enabled",
                "http_protocol_ipv6": "disabled",
                "http_put_response_hop_limit": 2,
                "http_tokens": "required",
                "instance_metadata_tags": "disabled"
              }
            ],
            "monitoring": false,
            "network_interface": [],
            "outpost_arn": "",
            "password_data": "",
            "placement_group": "",
            "placement_partition_number": 0,
            "primary_network_interface_id": "eni-071479191e4f56abe",
            "private_dns": "ip-10-0-1-219.ec2.internal",
            "private_dns_name_options": [
              {
                "enable_resource_name_dns_a_record": false,
                "enable_resource_name_dns_aaaa_record": false,
                "hostname_type": "ip-name"
              }
            ],
            "private_ip": "10.0.1.219",
            "public_dns": "ec2-54-224-97-138.compute-1.amazonaws.com",
            "public_ip": "54.224.97.138",
            "root_block_device": [
              {
                "delete_on_termination": true,
                "device_name": "/dev/sda1",
                "encrypted": true,
                "iops": 3000,
                "kms_key_id": "arn:aws:kms:us-east-1:365269738775:key/4b738728-3db3-4a53-a9d3-f250316260da",
                "tags": null,
                "tags_all": {},
                "throughput": 125,
                "volume_id": "vol-071dacd2b4ba1b351",
                "volume_size": 15,
                "volume_type": "gp3"
              }
            ],
            "secondary_private_ips": [],
            "security_groups": [],
            "source_dest_check": true,
            "spot_instance_request_id": "",
            "subnet_id": "subnet-0de8d6e53b9c76a02",
            "tags": {
              "Name": "build-server",
              "Type": "Build-Server"
            },
            "tags_all": {
              "Name": "build-server",
              "Type": "Build-Server"
            },
            "tenancy": "default",
            "timeouts": null,
            "user_data": "d0ef7811a002971417485c3b09e70d37de4e2d51",
            "user_data_base64": null,
            "user_data_replace_on_change": false,
            "volume_tags": null,
            "vpc_security_group_ids": [
              "sg-0903b55f5aaf3acce"
            ]
          },
          "sensitive_attributes": [],
          "identity_schema_version": 0,
          "private": "eyJlMmJmYjczMC1lY2FhLTExZTYtOGY4OC0zNDM2M2JjN2M0YzAiOnsiY3JlYXRlIjo2MDAwMDAwMDAwMDAsImRlbGV0ZSI6MTIwMDAwMDAwMDAwMCwicmVhZCI6OTAwMDAwMDAwMDAwLCJ1cGRhdGUiOjYwMDAwMDAwMDAwMH0sInNjaGVtYV92ZXJzaW9uIjoiMSJ9",
          "dependencies": [
            "module.key_pair.aws_key_pair.this",
            "module.key_pair.tls_private_key.this",
            "module.security_groups.aws_security_group.jenkins",
            "module.vpc.aws_subnet.public",
            "module.vpc.aws_vpc.main",
            "module.vpc.data.aws_availability_zones.available"
          ]
        }
      ]
    },
    {
      "module": "module.jenkins_master",
      "mode": "managed",
      "type": "aws_instance",
      "name": "this",
      "provider": "provider[\"registry.terraform.io/hashicorp/aws\"]",
      "instances": [
        {
          "schema_version": 1,
          "attributes": {
            "ami": "ami-0ecb62995f68bb549",
            "arn": "arn:aws:ec2:us-east-1:365269738775:instance/i-0839aa80357af926a",
            "associate_public_ip_address": true,
            "availability_zone": "us-east-1a",
            "capacity_reservation_specification": [
              {
                "capacity_reservation_preference": "open",
                "capacity_reservation_target": []
              }
            ],
            "cpu_core_count": 1,
            "cpu_options": [
              {
                "amd_sev_snp": "",
                "core_count": 1,
                "threads_per_core": 2
              }
            ],
            "cpu_threads_per_core": 2,
            "credit_specification": [
              {
                "cpu_credits": "unlimited"
              }
            ],
            "disable_api_stop": false,
            "disable_api_termination": false,
            "ebs_block_device": [],
            "ebs_optimized": false,
            "enable_primary_ipv6": null,
            "enclave_options": [
              {
                "enabled": false
              }
            ],
            "ephemeral_block_device": [],
            "get_password_data": false,
            "hibernation": false,
            "host_id": "",
            "host_resource_group_arn": null,
            "iam_instance_profile": "",
            "id": "i-0839aa80357af926a",
            "instance_initiated_shutdown_behavior": "stop",
            "instance_lifecycle": "",
            "instance_market_options": [],
            "instance_state": "running",
            "instance_type": "t3.medium",
            "ipv6_address_count": 0,
            "ipv6_addresses": [],
            "key_name": "devsecops-key",
            "launch_template": [],
            "maintenance_options": [
              {
                "auto_recovery": "default"
              }
            ],
            "metadata_options": [
              {
                "http_endpoint": "enabled",
                "http_protocol_ipv6": "disabled",
                "http_put_response_hop_limit": 2,
                "http_tokens": "required",
                "instance_metadata_tags": "disabled"
              }
            ],
            "monitoring": false,
            "network_interface": [],
            "outpost_arn": "",
            "password_data": "",
            "placement_group": "",
            "placement_partition_number": 0,
            "primary_network_interface_id": "eni-00a962888207e5dc7",
            "private_dns": "ip-10-0-1-101.ec2.internal",
            "private_dns_name_options": [
              {
                "enable_resource_name_dns_a_record": false,
                "enable_resource_name_dns_aaaa_record": false,
                "hostname_type": "ip-name"
              }
            ],
            "private_ip": "10.0.1.101",
            "public_dns": "ec2-34-201-218-23.compute-1.amazonaws.com",
            "public_ip": "34.201.218.23",
            "root_block_device": [
              {
                "delete_on_termination": true,
                "device_name": "/dev/sda1",
                "encrypted": true,
                "iops": 3000,
                "kms_key_id": "arn:aws:kms:us-east-1:365269738775:key/4b738728-3db3-4a53-a9d3-f250316260da",
                "tags": null,
                "tags_all": {},
                "throughput": 125,
                "volume_id": "vol-03080e0548a65612d",
                "volume_size": 20,
                "volume_type": "gp3"
              }
            ],
            "secondary_private_ips": [],
            "security_groups": [],
            "source_dest_check": true,
            "spot_instance_request_id": "",
            "subnet_id": "subnet-0de8d6e53b9c76a02",
            "tags": {
              "Name": "jenkins-master",
              "Type": "Jenkins-Master"
            },
            "tags_all": {
              "Name": "jenkins-master",
              "Type": "Jenkins-Master"
            },
            "tenancy": "default",
            "timeouts": null,
            "user_data": "89d49de2029f412cd0817f80ed6d5193d3518251",
            "user_data_base64": null,
            "user_data_replace_on_change": false,
            "volume_tags": null,
            "vpc_security_group_ids": [
              "sg-0903b55f5aaf3acce"
            ]
          },
          "sensitive_attributes": [],
          "identity_schema_version": 0,
          "private": "eyJlMmJmYjczMC1lY2FhLTExZTYtOGY4OC0zNDM2M2JjN2M0YzAiOnsiY3JlYXRlIjo2MDAwMDAwMDAwMDAsImRlbGV0ZSI6MTIwMDAwMDAwMDAwMCwicmVhZCI6OTAwMDAwMDAwMDAwLCJ1cGRhdGUiOjYwMDAwMDAwMDAwMH0sInNjaGVtYV92ZXJzaW9uIjoiMSJ9",
          "dependencies": [
            "module.key_pair.aws_key_pair.this",
            "module.key_pair.tls_private_key.this",
            "module.security_groups.aws_security_group.jenkins",
            "module.vpc.aws_subnet.public",
            "module.vpc.aws_vpc.main",
            "module.vpc.data.aws_availability_zones.available"
          ]
        }
      ]
    },
    {
      "module": "module.key_pair",
      "mode": "managed",
      "type": "aws_key_pair",
      "name": "this",
      "provider": "provider[\"registry.terraform.io/hashicorp/aws\"]",
      "instances": [
        {
          "schema_version": 1,
          "attributes": {
            "arn": "arn:aws:ec2:us-east-1:365269738775:key-pair/devsecops-key",
            "fingerprint": "29:cb:cc:f4:dd:39:09:13:2a:41:f1:08:50:44:9f:08",
            "id": "devsecops-key",
            "key_name": "devsecops-key",
            "key_name_prefix": "",
            "key_pair_id": "key-02a1e7b13b0310e94",
            "key_type": "rsa",
            "public_key": "ssh-rsa AAAAB3NzaC1yc2EAAAADAQABAAACAQDfkhn3/ey+XDtJ+VQMUWFllVtrGGhLMeEGwCDpb7ZPum02Svb4SCjDL4x2AaF8olRvnH7KFN/uaFRI8mWgdaknwvMh4EDJrlWJ2WfcLwoyBuzfH+v04RRI8hPYxZ7uQUQJr2mw48WOGWr/+8juGlrQ0yIiH1tMvlkSiHx8l9sw7n5T5fptZAJ7fKIvDYn/3DEWIrFlXA8/FTwWD5HqSLvOEuRGFs3BqMLZf56AVZTt2NO0HzgTnPqD4FN2CbYhwa21PqQGiY1/GVBpu5Ggc7EPizkvFZH14hYWVTLyT/meUlLflKsB5LaGQIev3/1Uftk5XgdghfhL7lEzMBa+ulvzPLaqK3ryc7Mgi/f9C587Wb+d1sQIiVHti0AAzdI/CdeVvLt7UkAxUYIQIJBCbSk8h+4eKrTl0aV1IVGgilFkYAWHXEy4rDs4MGIe0XsBVdi92z3s5LMH8e6woE/tuHNw4fzOaNIpG7f/GndgI8lkkB7YKSLyntkjSVbA3rLs/hwo/YSDRdz2PO95Qb/9ImcBBA572NdrA+T4IoEatLXEopUCRRrWv9ubkMMfX+bMd1hTxReFzxYNXNVwxv4R/tg2LKyy/B4lkNxcoq1iKskD9gd310HNZRXWCwR0ToSiO5ftdeW41UxhXlRxX9x3l5tEAbIMZuKZo5TavkYbLKskfw==",
            "tags": {
              "Name": "devsecops-key"
            },
            "tags_all": {
              "Name": "devsecops-key"
            }
          },
          "sensitive_attributes": [],
          "identity_schema_version": 0,
          "private": "eyJzY2hlbWFfdmVyc2lvbiI6IjEifQ==",
          "dependencies": [
            "module.key_pair.tls_private_key.this"
          ]
        }
      ]
    },
    {
      "module": "module.key_pair",
      "mode": "managed",
      "type": "local_file",
      "name": "private_key",
      "provider": "provider[\"registry.terraform.io/hashicorp/local\"]",
      "instances": [
        {
          "schema_version": 0,
          "attributes": {
            "content": "-----BEGIN RSA PRIVATE KEY-----\nMIIJJwIBAAKCAgEA35IZ9/3svlw7SflUDFFhZZVbaxhoSzHhBsAg6W+2T7ptNkr2\n+Egowy+MdgGhfKJUb5x+yhTf7mhUSPJloHWpJ8LzIeBAya5Vidln3C8KMgbs3x/r\n9OEUSPIT2MWe7kFECa9psOPFjhlq//vI7hpa0NMiIh9bTL5ZEoh8fJfbMO5+U+X6\nbWQCe3yiLw2J/9wxFiKxZVwPPxU8Fg+R6ki7zhLkRhbNwajC2X+egFWU7djTtB84\nE5z6g+BTdgm2IcGttT6kBomNfxlQabuRoHOxD4s5LxWR9eIWFlUy8k/5nlJS35Sr\nAeS2hkCHr9/9VH7ZOV4HYIX4S+5RMzAWvrpb8zy2qit68nOzIIv3/QufO1m/ndbE\nCIlR7YtAAM3SPwnXlby7e1JAMVGCECCQQm0pPIfuHiq05dGldSFRoIpRZGAFh1xM\nuKw7ODBiHtF7AVXYvds97OSzB/HusKBP7bhzcOH8zmjSKRu3/xp3YCPJZJAe2Cki\n8p7ZI0lWwN6y7P4cKP2Eg0Xc9jzveUG//SJnAQQOe9jXawPk+CKBGrS1xKKVAkUa\n1r/bm5DDH1/mzHdYU8UXhc8WDVzVcMb+Ef7YNiyssvweJZDcXKKtYirJA/YHd9dB\nzWUV1gsEdE6EojuX7XXluNVMYV5UcV/cd5ebRAGyDGbimaOU2r5GGyyrJH8CAwEA\nAQKCAgBBYrpjlAkMN29DmD7jh12D1yWwcaf27fSRA9ncS8a3FJ/iNBR80qXRR/O9\ng4aWK+ej6NIQCgDf+fVEjFf6kM7TCSoQa0Snd2we7813UO6baPkX3H8m1DkZiGsT\nh+COb9oVNw8jI8pgX8CycxH1yRFsZ4NhFWifTkBAslguHD+H1QhvQyB1o70yHmZU\nepI0mVJl1emp6j2vRmeXUCBts63xfAb1FLBChjfOYouZnu36jeKEmGjPG6cMsKvY\nJsj0oG9MRbC1FL+kP2QMOEZD9fH/yMkFozpX/jJVf79xrMAldJA2QYWt/RUAuJi2\ncDzn3F1tcLmZmjTfCCkJXnQYfepr8ccoqVfF7ey4kZRC/rN06OfpUxdpzafGwTya\n8DksqgENGHM5XMYxKmI2F8GXy3hFsmw35P/oM+s2Emy/EZCvIGfPfxl4+yCAE8pt\njyMTefUbk8l35zJTxolg1TmyPeJu5Q42jYjiAYdiUqA4crEuiYnx2AXOsv2YnbWN\nFK0KOgDrfi4PFnK9UpmO3XTtRvN9o8IhSG4BYYd5B8qcrfB5CueLI4Jwd3ofHUyK\nPqnYpq6pwRDbGCQot6D9xvONTrYccw0h5S1Q/ThsEEKdMCgkij3F4NYEy3adK09m\nlb9EzmeAsaTB6P+ERi3LF0SW03hOTJ4zVcxPxDLIn2CU73IWCQKCAQEA/1AKRdO4\n+aJP8pIToTTuqRs1rH5raE3MyOHu3t3hZo/HAkg8flo7+7LgIEqM/sWIwoW45Eu8\n8JlliAHBaBiOPcLWMk8uxE4oHv/H85WXsJtBwITmp+YItU6uphzkrWT8Vg2oQu4M\nyV9FRpYRu7+nfN9sxib0w5tGNC4SAq1O97tFM7qVpzgIQJQNRlyPsXzgZF/Y5yrc\npmTMWpF664iEpTy6l0/BA4dFIgid5/SmSoWW3YCKmvMyov6jpM9712HDpU4jnMSx\nIFIYklB7hkoSxVzDhkKdn9Pw4Tb60gRi0nsjkD4kGCPzw8w/615Jn0dF3eFT7/dp\nmeu8BW/gkwdybQKCAQEA4CwvWaxqnl9sYgndrQ6dJLlfiXPNHgDSz8/7xxI39RQG\nHDNZ97048005dS8hFQIec66J4bhpx5WhfpanQpnY6SZdWsEuOGr/Gf4AkHKpHTZA\ne7qXWD6vpgR4Ax1CIjGjgDS2u7PmizL4OmVONQx1z0w/8GfH1To1kGG+cXa/EVr6\nzL8bJP9a0lb+okO//AzVIXR4JJxwBqWMPJFjpgHy+OOt07sVmmxe/QEc+R0Ew5JJ\nuT+n3EZskOtWfYjbtc71FZe9MZnv0V4iBeHscTd2nUM7SXOvYilgwANhxuW/g9/U\nSUzDotcf8N28ksafcbwpWThuyo99OvOLLEXDWtZ/GwKCAQBmstGPCP1tHQc/sdbH\nj704tMNAYZHe4PyxCYDGkUXrtYX9uwTqZm2eb3OMSbCxgs/iP1wCKR0VQv7+WIZt\n0wLUgR0cG5HaUP3+ijDqIJBl7+3g/RSzEOsL01yZYSHzRZ3jF5dJZOwrzHDXVeJI\nPW2n40+j3WOzkzAIKUgBX6lWKTRK/JDaNMXNBEDavrzmTi8M8SkUw78CB6XUAJUL\nTVzeArGjz+b5/l2mtQSfm1+Qtm/bJaubbJw/yGIXF4bfOmoygl3833nIYH2VzV4C\nxKUMUqYryXwSIHTSgwUdmboOpI3HpddrBns1lWFY0hKXSVonSE41RrZpvdNh9IDH\nY8V5AoIBAAfHQLVZ2DE6mmYkdX6lvSojDH+Wdw2NdcMkMlZL+YkVcsjTt1FzTWCT\n02SPiBRUiH33Fm2wmmsEdCASVidnczFT1XVqspHelI9wUtCwSdHrqf0hElNLiYi3\nKvrgrwTEuCmgqp6EtYEq+ZX9IeORVR0mRimvUC3D4UvrOFJzjlmp0H3+O5DjE2Gt\nBxTWSPkT8OlCQ1Dx5Kk2YVFQsiZ2dtnP/J4WJb+/9uPMgBbcvOeUUd6NqONpxiaZ\nI90jPIxoa/Sd2UC5WKrpG0Ec/7lF9WWriYkY7IL5cJP5ChF+s1B+Gb2ZXkhuMnuH\nFh35qlql7sFbxexdYjkDblbQ7OBgBPUCggEARiXzOVpweWSeUfkF0Yj1Bz6gcjdd\n9SBc/8tTujhYZMVnFnVJGGzdoqV6DXdPVZLIunMRjaDE6yry3O2/gX1nHpeHqoA9\njDfvxYoxWUOX9OIfOl4oYf44cLeryb2gYHR9ASGzI4YT79Bh2qN8Nxdm/EULMckV\nQXRKVDdFDRdrouy30Rr1d0uNwmVhT8LzF5yzwAZrI0x0glwXBA0aYAF7C/LxXekA\nd+R8LUdfSQetxEWN7tTaUfYJ4YRlgsCZrLJCM0guTd+UeVql5N8bJdbA+cP3YSt7\nlATeYDVFu+aJZD7YtdCesuWuaEFYoW3UPaG4BANaWho1h8s427+mkRsIMw==\n-----END RSA PRIVATE KEY-----\n",
            "content_base64": null,
            "content_base64sha256": "4VxA3heYZE2jay4VF99g5kePb4Xhzj8iz4D9uNXs+Ko=",
            "content_base64sha512": "NJDVyl+i2a98pCeNLDlJtYNTF95abfsbEVf0eXMTicBSd0S4GKGwwUQH8oWZ/jmzydLCwp1DU2Re+UwrZjgtjA==",
            "content_md5": "4e73c364bc5ed302e2524dd93f8d08b8",
            "content_sha1": "87fdac88a5efffa96d2c21fbe88754459d82d170",
            "content_sha256": "e15c40de1798644da36b2e1517df60e6478f6f85e1ce3f22cf80fdb8d5ecf8aa",
            "content_sha512": "3490d5ca5fa2d9af7ca4278d2c3949b5835317de5a6dfb1b1157f479731389c0527744b818a1b0c14407f28599fe39b3c9d2c2c29d4353645ef94c2b66382d8c",
            "directory_permission": "0777",
            "file_permission": "0400",
            "filename": "./.backup/devsecops-key.pem",
            "id": "87fdac88a5efffa96d2c21fbe88754459d82d170",
            "sensitive_content": null,
            "source": null
          },
          "sensitive_attributes": [
            [
              {
                "type": "get_attr",
                "value": "content"
              }
            ],
            [
              {
                "type": "get_attr",
                "value": "sensitive_content"
              }
            ]
          ],
          "identity_schema_version": 0,
          "dependencies": [
            "module.key_pair.tls_private_key.this"
          ]
        }
      ]
    },
    {
      "module": "module.key_pair",
      "mode": "managed",
      "type": "tls_private_key",
      "name": "this",
      "provider": "provider[\"registry.terraform.io/hashicorp/tls\"]",
      "instances": [
        {
          "schema_version": 1,
          "attributes": {
            "algorithm": "RSA",
            "ecdsa_curve": "P224",
            "id": "0dde44266ed5436c791b784f481a06bc7b41ca21",
            "private_key_openssh": "-----BEGIN OPENSSH PRIVATE KEY-----\nb3BlbnNzaC1rZXktdjEAAAAABG5vbmUAAAAEbm9uZQAAAAAAAAABAAACFwAAAAdz\nc2gtcnNhAAAAAwEAAQAAAgEA35IZ9/3svlw7SflUDFFhZZVbaxhoSzHhBsAg6W+2\nT7ptNkr2+Egowy+MdgGhfKJUb5x+yhTf7mhUSPJloHWpJ8LzIeBAya5Vidln3C8K\nMgbs3x/r9OEUSPIT2MWe7kFECa9psOPFjhlq//vI7hpa0NMiIh9bTL5ZEoh8fJfb\nMO5+U+X6bWQCe3yiLw2J/9wxFiKxZVwPPxU8Fg+R6ki7zhLkRhbNwajC2X+egFWU\n7djTtB84E5z6g+BTdgm2IcGttT6kBomNfxlQabuRoHOxD4s5LxWR9eIWFlUy8k/5\nnlJS35SrAeS2hkCHr9/9VH7ZOV4HYIX4S+5RMzAWvrpb8zy2qit68nOzIIv3/Quf\nO1m/ndbECIlR7YtAAM3SPwnXlby7e1JAMVGCECCQQm0pPIfuHiq05dGldSFRoIpR\nZGAFh1xMuKw7ODBiHtF7AVXYvds97OSzB/HusKBP7bhzcOH8zmjSKRu3/xp3YCPJ\nZJAe2Cki8p7ZI0lWwN6y7P4cKP2Eg0Xc9jzveUG//SJnAQQOe9jXawPk+CKBGrS1\nxKKVAkUa1r/bm5DDH1/mzHdYU8UXhc8WDVzVcMb+Ef7YNiyssvweJZDcXKKtYirJ\nA/YHd9dBzWUV1gsEdE6EojuX7XXluNVMYV5UcV/cd5ebRAGyDGbimaOU2r5GGyyr\nJH8AAAc4HfrHNh36xzYAAAAHc3NoLXJzYQAAAgEA35IZ9/3svlw7SflUDFFhZZVb\naxhoSzHhBsAg6W+2T7ptNkr2+Egowy+MdgGhfKJUb5x+yhTf7mhUSPJloHWpJ8Lz\nIeBAya5Vidln3C8KMgbs3x/r9OEUSPIT2MWe7kFECa9psOPFjhlq//vI7hpa0NMi\nIh9bTL5ZEoh8fJfbMO5+U+X6bWQCe3yiLw2J/9wxFiKxZVwPPxU8Fg+R6ki7zhLk\nRhbNwajC2X+egFWU7djTtB84E5z6g+BTdgm2IcGttT6kBomNfxlQabuRoHOxD4s5\nLxWR9eIWFlUy8k/5nlJS35SrAeS2hkCHr9/9VH7ZOV4HYIX4S+5RMzAWvrpb8zy2\nqit68nOzIIv3/QufO1m/ndbECIlR7YtAAM3SPwnXlby7e1JAMVGCECCQQm0pPIfu\nHiq05dGldSFRoIpRZGAFh1xMuKw7ODBiHtF7AVXYvds97OSzB/HusKBP7bhzcOH8\nzmjSKRu3/xp3YCPJZJAe2Cki8p7ZI0lWwN6y7P4cKP2Eg0Xc9jzveUG//SJnAQQO\ne9jXawPk+CKBGrS1xKKVAkUa1r/bm5DDH1/mzHdYU8UXhc8WDVzVcMb+Ef7YNiys\nsvweJZDcXKKtYirJA/YHd9dBzWUV1gsEdE6EojuX7XXluNVMYV5UcV/cd5ebRAGy\nDGbimaOU2r5GGyyrJH8AAAADAQABAAACAEFiumOUCQw3b0OYPuOHXYPXJbBxp/bt\n9JED2dxLxrcUn+I0FHzSpdFH872DhpYr56Po0hAKAN/59USMV/qQztMJKhBrRKd3\nbB7vzXdQ7pto+RfcfybUORmIaxOH4I5v2hU3DyMjymBfwLJzEfXJEWxng2EVaJ9O\nQECyWC4cP4fVCG9DIHWjvTIeZlR6kjSZUmXV6anqPa9GZ5dQIG2zrfF8BvUUsEKG\nN85ii5me7fqN4oSYaM8bpwywq9gmyPSgb0xFsLUUv6Q/ZAw4RkP18f/IyQWjOlf+\nMlV/v3GswCV0kDZBha39FQC4mLZwPOfcXW1wuZmaNN8IKQledBh96mvxxyipV8Xt\n7LiRlEL+s3To5+lTF2nNp8bBPJrwOSyqAQ0YczlcxjEqYjYXwZfLeEWybDfk/+gz\n6zYSbL8RkK8gZ89/GXj7IIATym2PIxN59RuTyXfnMlPGiWDVObI94m7lDjaNiOIB\nh2JSoDhysS6JifHYBc6y/ZidtY0UrQo6AOt+Lg8Wcr1SmY7ddO1G832jwiFIbgFh\nh3kHypyt8HkK54sjgnB3eh8dTIo+qdimrqnBENsYJCi3oP3G841OthxzDSHlLVD9\nOGwQQp0wKCSKPcXg1gTLdp0rT2aVv0TOZ4CxpMHo/4RGLcsXRJbTeE5MnjNVzE/E\nMsifYJTvchYJAAABAEYl8zlacHlknlH5BdGI9Qc+oHI3XfUgXP/LU7o4WGTFZxZ1\nSRhs3aKleg13T1WSyLpzEY2gxOsq8tztv4F9Zx6Xh6qAPYw378WKMVlDl/TiHzpe\nKGH+OHC3q8m9oGB0fQEhsyOGE+/QYdqjfDcXZvxFCzHJFUF0SlQ3RQ0Xa6Lst9Ea\n9XdLjcJlYU/C8xecs8AGayNMdIJcFwQNGmABewvy8V3pAHfkfC1HX0kHrcRFje7U\n2lH2CeGEZYLAmayyQjNILk3flHlapeTfGyXWwPnD92Ere5QE3mA1RbvmiWQ+2LXQ\nnrLlrmhBWKFt1D2huAQDWloaNYfLONu/ppEbCDMAAAEBAP9QCkXTuPmiT/KSE6E0\n7qkbNax+a2hNzMjh7t7d4WaPxwJIPH5aO/uy4CBKjP7FiMKFuORLvPCZZYgBwWgY\njj3C1jJPLsROKB7/x/OVl7CbQcCE5qfmCLVOrqYc5K1k/FYNqELuDMlfRUaWEbu/\np3zfbMYm9MObRjQuEgKtTve7RTO6lac4CECUDUZcj7F84GRf2Ocq3KZkzFqReuuI\nhKU8updPwQOHRSIInef0pkqFlt2AiprzMqL+o6TPe9dhw6VOI5zEsSBSGJJQe4ZK\nEsVcw4ZCnZ/T8OE2+tIEYtJ7I5A+JBgj88PMP+teSZ9HRd3hU+/3aZnrvAVv4JMH\ncm0AAAEBAOAsL1msap5fbGIJ3a0OnSS5X4lzzR4A0s/P+8cSN/UUBhwzWfe9OPNN\nOXUvIRUCHnOuieG4aceVoX6Wp0KZ2OkmXVrBLjhq/xn+AJByqR02QHu6l1g+r6YE\neAMdQiIxo4A0truz5osy+DplTjUMdc9MP/Bnx9U6NZBhvnF2vxFa+sy/GyT/WtJW\n/qJDv/wM1SF0eCSccAaljDyRY6YB8vjjrdO7FZpsXv0BHPkdBMOSSbk/p9xGbJDr\nVn2I27XO9RWXvTGZ79FeIgXh7HE3dp1DO0lzr2IpYMADYcblv4Pf1ElMw6LXH/Dd\nvJLGn3G8KVk4bsqPfTrziyxFw1rWfxsAAAAAAQID\n-----END OPENSSH PRIVATE KEY-----\n",
            "private_key_pem": "-----BEGIN RSA PRIVATE KEY-----\nMIIJJwIBAAKCAgEA35IZ9/3svlw7SflUDFFhZZVbaxhoSzHhBsAg6W+2T7ptNkr2\n+Egowy+MdgGhfKJUb5x+yhTf7mhUSPJloHWpJ8LzIeBAya5Vidln3C8KMgbs3x/r\n9OEUSPIT2MWe7kFECa9psOPFjhlq//vI7hpa0NMiIh9bTL5ZEoh8fJfbMO5+U+X6\nbWQCe3yiLw2J/9wxFiKxZVwPPxU8Fg+R6ki7zhLkRhbNwajC2X+egFWU7djTtB84\nE5z6g+BTdgm2IcGttT6kBomNfxlQabuRoHOxD4s5LxWR9eIWFlUy8k/5nlJS35Sr\nAeS2hkCHr9/9VH7ZOV4HYIX4S+5RMzAWvrpb8zy2qit68nOzIIv3/QufO1m/ndbE\nCIlR7YtAAM3SPwnXlby7e1JAMVGCECCQQm0pPIfuHiq05dGldSFRoIpRZGAFh1xM\nuKw7ODBiHtF7AVXYvds97OSzB/HusKBP7bhzcOH8zmjSKRu3/xp3YCPJZJAe2Cki\n8p7ZI0lWwN6y7P4cKP2Eg0Xc9jzveUG//SJnAQQOe9jXawPk+CKBGrS1xKKVAkUa\n1r/bm5DDH1/mzHdYU8UXhc8WDVzVcMb+Ef7YNiyssvweJZDcXKKtYirJA/YHd9dB\nzWUV1gsEdE6EojuX7XXluNVMYV5UcV/cd5ebRAGyDGbimaOU2r5GGyyrJH8CAwEA\nAQKCAgBBYrpjlAkMN29DmD7jh12D1yWwcaf27fSRA9ncS8a3FJ/iNBR80qXRR/O9\ng4aWK+ej6NIQCgDf+fVEjFf6kM7TCSoQa0Snd2we7813UO6baPkX3H8m1DkZiGsT\nh+COb9oVNw8jI8pgX8CycxH1yRFsZ4NhFWifTkBAslguHD+H1QhvQyB1o70yHmZU\nepI0mVJl1emp6j2vRmeXUCBts63xfAb1FLBChjfOYouZnu36jeKEmGjPG6cMsKvY\nJsj0oG9MRbC1FL+kP2QMOEZD9fH/yMkFozpX/jJVf79xrMAldJA2QYWt/RUAuJi2\ncDzn3F1tcLmZmjTfCCkJXnQYfepr8ccoqVfF7ey4kZRC/rN06OfpUxdpzafGwTya\n8DksqgENGHM5XMYxKmI2F8GXy3hFsmw35P/oM+s2Emy/EZCvIGfPfxl4+yCAE8pt\njyMTefUbk8l35zJTxolg1TmyPeJu5Q42jYjiAYdiUqA4crEuiYnx2AXOsv2YnbWN\nFK0KOgDrfi4PFnK9UpmO3XTtRvN9o8IhSG4BYYd5B8qcrfB5CueLI4Jwd3ofHUyK\nPqnYpq6pwRDbGCQot6D9xvONTrYccw0h5S1Q/ThsEEKdMCgkij3F4NYEy3adK09m\nlb9EzmeAsaTB6P+ERi3LF0SW03hOTJ4zVcxPxDLIn2CU73IWCQKCAQEA/1AKRdO4\n+aJP8pIToTTuqRs1rH5raE3MyOHu3t3hZo/HAkg8flo7+7LgIEqM/sWIwoW45Eu8\n8JlliAHBaBiOPcLWMk8uxE4oHv/H85WXsJtBwITmp+YItU6uphzkrWT8Vg2oQu4M\nyV9FRpYRu7+nfN9sxib0w5tGNC4SAq1O97tFM7qVpzgIQJQNRlyPsXzgZF/Y5yrc\npmTMWpF664iEpTy6l0/BA4dFIgid5/SmSoWW3YCKmvMyov6jpM9712HDpU4jnMSx\nIFIYklB7hkoSxVzDhkKdn9Pw4Tb60gRi0nsjkD4kGCPzw8w/615Jn0dF3eFT7/dp\nmeu8BW/gkwdybQKCAQEA4CwvWaxqnl9sYgndrQ6dJLlfiXPNHgDSz8/7xxI39RQG\nHDNZ97048005dS8hFQIec66J4bhpx5WhfpanQpnY6SZdWsEuOGr/Gf4AkHKpHTZA\ne7qXWD6vpgR4Ax1CIjGjgDS2u7PmizL4OmVONQx1z0w/8GfH1To1kGG+cXa/EVr6\nzL8bJP9a0lb+okO//AzVIXR4JJxwBqWMPJFjpgHy+OOt07sVmmxe/QEc+R0Ew5JJ\nuT+n3EZskOtWfYjbtc71FZe9MZnv0V4iBeHscTd2nUM7SXOvYilgwANhxuW/g9/U\nSUzDotcf8N28ksafcbwpWThuyo99OvOLLEXDWtZ/GwKCAQBmstGPCP1tHQc/sdbH\nj704tMNAYZHe4PyxCYDGkUXrtYX9uwTqZm2eb3OMSbCxgs/iP1wCKR0VQv7+WIZt\n0wLUgR0cG5HaUP3+ijDqIJBl7+3g/RSzEOsL01yZYSHzRZ3jF5dJZOwrzHDXVeJI\nPW2n40+j3WOzkzAIKUgBX6lWKTRK/JDaNMXNBEDavrzmTi8M8SkUw78CB6XUAJUL\nTVzeArGjz+b5/l2mtQSfm1+Qtm/bJaubbJw/yGIXF4bfOmoygl3833nIYH2VzV4C\nxKUMUqYryXwSIHTSgwUdmboOpI3HpddrBns1lWFY0hKXSVonSE41RrZpvdNh9IDH\nY8V5AoIBAAfHQLVZ2DE6mmYkdX6lvSojDH+Wdw2NdcMkMlZL+YkVcsjTt1FzTWCT\n02SPiBRUiH33Fm2wmmsEdCASVidnczFT1XVqspHelI9wUtCwSdHrqf0hElNLiYi3\nKvrgrwTEuCmgqp6EtYEq+ZX9IeORVR0mRimvUC3D4UvrOFJzjlmp0H3+O5DjE2Gt\nBxTWSPkT8OlCQ1Dx5Kk2YVFQsiZ2dtnP/J4WJb+/9uPMgBbcvOeUUd6NqONpxiaZ\nI90jPIxoa/Sd2UC5WKrpG0Ec/7lF9WWriYkY7IL5cJP5ChF+s1B+Gb2ZXkhuMnuH\nFh35qlql7sFbxexdYjkDblbQ7OBgBPUCggEARiXzOVpweWSeUfkF0Yj1Bz6gcjdd\n9SBc/8tTujhYZMVnFnVJGGzdoqV6DXdPVZLIunMRjaDE6yry3O2/gX1nHpeHqoA9\njDfvxYoxWUOX9OIfOl4oYf44cLeryb2gYHR9ASGzI4YT79Bh2qN8Nxdm/EULMckV\nQXRKVDdFDRdrouy30Rr1d0uNwmVhT8LzF5yzwAZrI0x0glwXBA0aYAF7C/LxXekA\nd+R8LUdfSQetxEWN7tTaUfYJ4YRlgsCZrLJCM0guTd+UeVql5N8bJdbA+cP3YSt7\nlATeYDVFu+aJZD7YtdCesuWuaEFYoW3UPaG4BANaWho1h8s427+mkRsIMw==\n-----END RSA PRIVATE KEY-----\n",
            "private_key_pem_pkcs8": "-----BEGIN PRIVATE KEY-----\nMIIJQQIBADANBgkqhkiG9w0BAQEFAASCCSswggknAgEAAoICAQDfkhn3/ey+XDtJ\n+VQMUWFllVtrGGhLMeEGwCDpb7ZPum02Svb4SCjDL4x2AaF8olRvnH7KFN/uaFRI\n8mWgdaknwvMh4EDJrlWJ2WfcLwoyBuzfH+v04RRI8hPYxZ7uQUQJr2mw48WOGWr/\n+8juGlrQ0yIiH1tMvlkSiHx8l9sw7n5T5fptZAJ7fKIvDYn/3DEWIrFlXA8/FTwW\nD5HqSLvOEuRGFs3BqMLZf56AVZTt2NO0HzgTnPqD4FN2CbYhwa21PqQGiY1/GVBp\nu5Ggc7EPizkvFZH14hYWVTLyT/meUlLflKsB5LaGQIev3/1Uftk5XgdghfhL7lEz\nMBa+ulvzPLaqK3ryc7Mgi/f9C587Wb+d1sQIiVHti0AAzdI/CdeVvLt7UkAxUYIQ\nIJBCbSk8h+4eKrTl0aV1IVGgilFkYAWHXEy4rDs4MGIe0XsBVdi92z3s5LMH8e6w\noE/tuHNw4fzOaNIpG7f/GndgI8lkkB7YKSLyntkjSVbA3rLs/hwo/YSDRdz2PO95\nQb/9ImcBBA572NdrA+T4IoEatLXEopUCRRrWv9ubkMMfX+bMd1hTxReFzxYNXNVw\nxv4R/tg2LKyy/B4lkNxcoq1iKskD9gd310HNZRXWCwR0ToSiO5ftdeW41UxhXlRx\nX9x3l5tEAbIMZuKZo5TavkYbLKskfwIDAQABAoICAEFiumOUCQw3b0OYPuOHXYPX\nJbBxp/bt9JED2dxLxrcUn+I0FHzSpdFH872DhpYr56Po0hAKAN/59USMV/qQztMJ\nKhBrRKd3bB7vzXdQ7pto+RfcfybUORmIaxOH4I5v2hU3DyMjymBfwLJzEfXJEWxn\ng2EVaJ9OQECyWC4cP4fVCG9DIHWjvTIeZlR6kjSZUmXV6anqPa9GZ5dQIG2zrfF8\nBvUUsEKGN85ii5me7fqN4oSYaM8bpwywq9gmyPSgb0xFsLUUv6Q/ZAw4RkP18f/I\nyQWjOlf+MlV/v3GswCV0kDZBha39FQC4mLZwPOfcXW1wuZmaNN8IKQledBh96mvx\nxyipV8Xt7LiRlEL+s3To5+lTF2nNp8bBPJrwOSyqAQ0YczlcxjEqYjYXwZfLeEWy\nbDfk/+gz6zYSbL8RkK8gZ89/GXj7IIATym2PIxN59RuTyXfnMlPGiWDVObI94m7l\nDjaNiOIBh2JSoDhysS6JifHYBc6y/ZidtY0UrQo6AOt+Lg8Wcr1SmY7ddO1G832j\nwiFIbgFhh3kHypyt8HkK54sjgnB3eh8dTIo+qdimrqnBENsYJCi3oP3G841Othxz\nDSHlLVD9OGwQQp0wKCSKPcXg1gTLdp0rT2aVv0TOZ4CxpMHo/4RGLcsXRJbTeE5M\nnjNVzE/EMsifYJTvchYJAoIBAQD/UApF07j5ok/ykhOhNO6pGzWsfmtoTczI4e7e\n3eFmj8cCSDx+Wjv7suAgSoz+xYjChbjkS7zwmWWIAcFoGI49wtYyTy7ETige/8fz\nlZewm0HAhOan5gi1Tq6mHOStZPxWDahC7gzJX0VGlhG7v6d832zGJvTDm0Y0LhIC\nrU73u0UzupWnOAhAlA1GXI+xfOBkX9jnKtymZMxakXrriISlPLqXT8EDh0UiCJ3n\n9KZKhZbdgIqa8zKi/qOkz3vXYcOlTiOcxLEgUhiSUHuGShLFXMOGQp2f0/DhNvrS\nBGLSeyOQPiQYI/PDzD/rXkmfR0Xd4VPv92mZ67wFb+CTB3JtAoIBAQDgLC9ZrGqe\nX2xiCd2tDp0kuV+Jc80eANLPz/vHEjf1FAYcM1n3vTjzTTl1LyEVAh5zronhuGnH\nlaF+lqdCmdjpJl1awS44av8Z/gCQcqkdNkB7updYPq+mBHgDHUIiMaOANLa7s+aL\nMvg6ZU41DHXPTD/wZ8fVOjWQYb5xdr8RWvrMvxsk/1rSVv6iQ7/8DNUhdHgknHAG\npYw8kWOmAfL4463TuxWabF79ARz5HQTDkkm5P6fcRmyQ61Z9iNu1zvUVl70xme/R\nXiIF4exxN3adQztJc69iKWDAA2HG5b+D39RJTMOi1x/w3bySxp9xvClZOG7Kj306\n84ssRcNa1n8bAoIBAGay0Y8I/W0dBz+x1sePvTi0w0Bhkd7g/LEJgMaRReu1hf27\nBOpmbZ5vc4xJsLGCz+I/XAIpHRVC/v5Yhm3TAtSBHRwbkdpQ/f6KMOogkGXv7eD9\nFLMQ6wvTXJlhIfNFneMXl0lk7CvMcNdV4kg9bafjT6PdY7OTMAgpSAFfqVYpNEr8\nkNo0xc0EQNq+vOZOLwzxKRTDvwIHpdQAlQtNXN4CsaPP5vn+Xaa1BJ+bX5C2b9sl\nq5tsnD/IYhcXht86ajKCXfzfechgfZXNXgLEpQxSpivJfBIgdNKDBR2Zug6kjcel\n12sGezWVYVjSEpdJWidITjVGtmm902H0gMdjxXkCggEAB8dAtVnYMTqaZiR1fqW9\nKiMMf5Z3DY11wyQyVkv5iRVyyNO3UXNNYJPTZI+IFFSIffcWbbCaawR0IBJWJ2dz\nMVPVdWqykd6Uj3BS0LBJ0eup/SESU0uJiLcq+uCvBMS4KaCqnoS1gSr5lf0h45FV\nHSZGKa9QLcPhS+s4UnOOWanQff47kOMTYa0HFNZI+RPw6UJDUPHkqTZhUVCyJnZ2\n2c/8nhYlv7/248yAFty855RR3o2o42nGJpkj3SM8jGhr9J3ZQLlYqukbQRz/uUX1\nZauJiRjsgvlwk/kKEX6zUH4ZvZleSG4ye4cWHfmqWqXuwVvF7F1iOQNuVtDs4GAE\n9QKCAQBGJfM5WnB5ZJ5R+QXRiPUHPqByN131IFz/y1O6OFhkxWcWdUkYbN2ipXoN\nd09Vksi6cxGNoMTrKvLc7b+BfWcel4eqgD2MN+/FijFZQ5f04h86Xihh/jhwt6vJ\nvaBgdH0BIbMjhhPv0GHao3w3F2b8RQsxyRVBdEpUN0UNF2ui7LfRGvV3S43CZWFP\nwvMXnLPABmsjTHSCXBcEDRpgAXsL8vFd6QB35HwtR19JB63ERY3u1NpR9gnhhGWC\nwJmsskIzSC5N35R5WqXk3xsl1sD5w/dhK3uUBN5gNUW75olkPti10J6y5a5oQVih\nbdQ9obgEA1paGjWHyzjbv6aRGwgz\n-----END PRIVATE KEY-----\n",
            "public_key_fingerprint_md5": "71:a2:1d:3a:99:67:b0:cc:cc:d4:95:55:99:a7:22:af",
            "public_key_fingerprint_sha256": "SHA256:bj7UMUHBkr5d3xviGeg2WPS36t/wffqHIlTLi1FkHDM",
            "public_key_openssh": "ssh-rsa AAAAB3NzaC1yc2EAAAADAQABAAACAQDfkhn3/ey+XDtJ+VQMUWFllVtrGGhLMeEGwCDpb7ZPum02Svb4SCjDL4x2AaF8olRvnH7KFN/uaFRI8mWgdaknwvMh4EDJrlWJ2WfcLwoyBuzfH+v04RRI8hPYxZ7uQUQJr2mw48WOGWr/+8juGlrQ0yIiH1tMvlkSiHx8l9sw7n5T5fptZAJ7fKIvDYn/3DEWIrFlXA8/FTwWD5HqSLvOEuRGFs3BqMLZf56AVZTt2NO0HzgTnPqD4FN2CbYhwa21PqQGiY1/GVBpu5Ggc7EPizkvFZH14hYWVTLyT/meUlLflKsB5LaGQIev3/1Uftk5XgdghfhL7lEzMBa+ulvzPLaqK3ryc7Mgi/f9C587Wb+d1sQIiVHti0AAzdI/CdeVvLt7UkAxUYIQIJBCbSk8h+4eKrTl0aV1IVGgilFkYAWHXEy4rDs4MGIe0XsBVdi92z3s5LMH8e6woE/tuHNw4fzOaNIpG7f/GndgI8lkkB7YKSLyntkjSVbA3rLs/hwo/YSDRdz2PO95Qb/9ImcBBA572NdrA+T4IoEatLXEopUCRRrWv9ubkMMfX+bMd1hTxReFzxYNXNVwxv4R/tg2LKyy/B4lkNxcoq1iKskD9gd310HNZRXWCwR0ToSiO5ftdeW41UxhXlRxX9x3l5tEAbIMZuKZo5TavkYbLKskfw==\n",
            "public_key_pem": "-----BEGIN PUBLIC KEY-----\nMIICIjANBgkqhkiG9w0BAQEFAAOCAg8AMIICCgKCAgEA35IZ9/3svlw7SflUDFFh\nZZVbaxhoSzHhBsAg6W+2T7ptNkr2+Egowy+MdgGhfKJUb5x+yhTf7mhUSPJloHWp\nJ8LzIeBAya5Vidln3C8KMgbs3x/r9OEUSPIT2MWe7kFECa9psOPFjhlq//vI7hpa\n0NMiIh9bTL5ZEoh8fJfbMO5+U+X6bWQCe3yiLw2J/9wxFiKxZVwPPxU8Fg+R6ki7\nzhLkRhbNwajC2X+egFWU7djTtB84E5z6g+BTdgm2IcGttT6kBomNfxlQabuRoHOx\nD4s5LxWR9eIWFlUy8k/5nlJS35SrAeS2hkCHr9/9VH7ZOV4HYIX4S+5RMzAWvrpb\n8zy2qit68nOzIIv3/QufO1m/ndbECIlR7YtAAM3SPwnXlby7e1JAMVGCECCQQm0p\nPIfuHiq05dGldSFRoIpRZGAFh1xMuKw7ODBiHtF7AVXYvds97OSzB/HusKBP7bhz\ncOH8zmjSKRu3/xp3YCPJZJAe2Cki8p7ZI0lWwN6y7P4cKP2Eg0Xc9jzveUG//SJn\nAQQOe9jXawPk+CKBGrS1xKKVAkUa1r/bm5DDH1/mzHdYU8UXhc8WDVzVcMb+Ef7Y\nNiyssvweJZDcXKKtYirJA/YHd9dBzWUV1gsEdE6EojuX7XXluNVMYV5UcV/cd5eb\nRAGyDGbimaOU2r5GGyyrJH8CAwEAAQ==\n-----END PUBLIC KEY-----\n",
            "rsa_bits": 4096
          },
          "sensitive_attributes": [
            [
              {
                "type": "get_attr",
                "value": "private_key_openssh"
              }
            ],
            [
              {
                "type": "get_attr",
                "value": "private_key_pem"
              }
            ],
            [
              {
                "type": "get_attr",
                "value": "private_key_pem_pkcs8"
              }
            ]
          ],
          "identity_schema_version": 0
        }
      ]
    },
    {
      "module": "module.security_groups",
      "mode": "managed",
      "type": "aws_security_group",
      "name": "jenkins",
      "provider": "provider[\"registry.terraform.io/hashicorp/aws\"]",
      "instances": [
        {
          "schema_version": 1,
          "attributes": {
            "arn": "arn:aws:ec2:us-east-1:365269738775:security-group/sg-0903b55f5aaf3acce",
            "description": "Security group for Jenkins build server",
            "egress": [
              {
                "cidr_blocks": [
                  "0.0.0.0/0"
                ],
                "description": "",
                "from_port": 0,
                "ipv6_cidr_blocks": [],
                "prefix_list_ids": [],
                "protocol": "-1",
                "security_groups": [],
                "self": false,
                "to_port": 0
              }
            ],
            "id": "sg-0903b55f5aaf3acce",
            "ingress": [
              {
                "cidr_blocks": [
                  "0.0.0.0/0"
                ],
                "description": "",
                "from_port": 22,
                "ipv6_cidr_blocks": [],
                "prefix_list_ids": [],
                "protocol": "tcp",
                "security_groups": [],
                "self": false,
                "to_port": 22
              },
              {
                "cidr_blocks": [
                  "0.0.0.0/0"
                ],
                "description": "",
                "from_port": 8080,
                "ipv6_cidr_blocks": [],
                "prefix_list_ids": [],
                "protocol": "tcp",
                "security_groups": [],
                "self": false,
                "to_port": 8080
              }
            ],
            "name": "jenkins-sg",
            "name_prefix": "",
            "owner_id": "365269738775",
            "revoke_rules_on_delete": false,
            "tags": {
              "Name": "jenkins-sg"
            },
            "tags_all": {
              "Name": "jenkins-sg"
            },
            "timeouts": null,
            "vpc_id": "vpc-037e49fdedcfe7070"
          },
          "sensitive_attributes": [],
          "identity_schema_version": 0,
          "private": "eyJlMmJmYjczMC1lY2FhLTExZTYtOGY4OC0zNDM2M2JjN2M0YzAiOnsiY3JlYXRlIjo2MDAwMDAwMDAwMDAsImRlbGV0ZSI6OTAwMDAwMDAwMDAwfSwic2NoZW1hX3ZlcnNpb24iOiIxIn0=",
          "dependencies": [
            "module.vpc.aws_vpc.main"
          ]
        }
      ]
    },
    {
      "module": "module.security_groups",
      "mode": "managed",
      "type": "aws_security_group",
      "name": "sonarqube",
      "provider": "provider[\"registry.terraform.io/hashicorp/aws\"]",
      "instances": [
        {
          "schema_version": 1,
          "attributes": {
            "arn": "arn:aws:ec2:us-east-1:365269738775:security-group/sg-0c85e93616649b396",
            "description": "Security group for SonarQube server",
            "egress": [
              {
                "cidr_blocks": [
                  "0.0.0.0/0"
                ],
                "description": "",
                "from_port": 0,
                "ipv6_cidr_blocks": [],
                "prefix_list_ids": [],
                "protocol": "-1",
                "security_groups": [],
                "self": false,
                "to_port": 0
              }
            ],
            "id": "sg-0c85e93616649b396",
            "ingress": [
              {
                "cidr_blocks": [
                  "0.0.0.0/0"
                ],
                "description": "",
                "from_port": 22,
                "ipv6_cidr_blocks": [],
                "prefix_list_ids": [],
                "protocol": "tcp",
                "security_groups": [],
                "self": false,
                "to_port": 22
              },
              {
                "cidr_blocks": [
                  "0.0.0.0/0"
                ],
                "description": "",
                "from_port": 9000,
                "ipv6_cidr_blocks": [],
                "prefix_list_ids": [],
                "protocol": "tcp",
                "security_groups": [],
                "self": false,
                "to_port": 9000
              }
            ],
            "name": "sonarqube-sg",
            "name_prefix": "",
            "owner_id": "365269738775",
            "revoke_rules_on_delete": false,
            "tags": {
              "Name": "sonarqube-sg"
            },
            "tags_all": {
              "Name": "sonarqube-sg"
            },
            "timeouts": null,
            "vpc_id": "vpc-037e49fdedcfe7070"
          },
          "sensitive_attributes": [],
          "identity_schema_version": 0,
          "private": "eyJlMmJmYjczMC1lY2FhLTExZTYtOGY4OC0zNDM2M2JjN2M0YzAiOnsiY3JlYXRlIjo2MDAwMDAwMDAwMDAsImRlbGV0ZSI6OTAwMDAwMDAwMDAwfSwic2NoZW1hX3ZlcnNpb24iOiIxIn0=",
          "dependencies": [
            "module.vpc.aws_vpc.main"
          ]
        }
      ]
    },
    {
      "module": "module.sonarqube_server",
      "mode": "managed",
      "type": "aws_instance",
      "name": "this",
      "provider": "provider[\"registry.terraform.io/hashicorp/aws\"]",
      "instances": [
        {
          "schema_version": 1,
          "attributes": {
            "ami": "ami-0ecb62995f68bb549",
            "arn": "arn:aws:ec2:us-east-1:365269738775:instance/i-0073ecada2190038e",
            "associate_public_ip_address": true,
            "availability_zone": "us-east-1a",
            "capacity_reservation_specification": [
              {
                "capacity_reservation_preference": "open",
                "capacity_reservation_target": []
              }
            ],
            "cpu_core_count": 1,
            "cpu_options": [
              {
                "amd_sev_snp": "",
                "core_count": 1,
                "threads_per_core": 2
              }
            ],
            "cpu_threads_per_core": 2,
            "credit_specification": [
              {
                "cpu_credits": "unlimited"
              }
            ],
            "disable_api_stop": false,
            "disable_api_termination": false,
            "ebs_block_device": [],
            "ebs_optimized": false,
            "enable_primary_ipv6": null,
            "enclave_options": [
              {
                "enabled": false
              }
            ],
            "ephemeral_block_device": [],
            "get_password_data": false,
            "hibernation": false,
            "host_id": "",
            "host_resource_group_arn": null,
            "iam_instance_profile": "",
            "id": "i-0073ecada2190038e",
            "instance_initiated_shutdown_behavior": "stop",
            "instance_lifecycle": "",
            "instance_market_options": [],
            "instance_state": "running",
            "instance_type": "t3.medium",
            "ipv6_address_count": 0,
            "ipv6_addresses": [],
            "key_name": "devsecops-key",
            "launch_template": [],
            "maintenance_options": [
              {
                "auto_recovery": "default"
              }
            ],
            "metadata_options": [
              {
                "http_endpoint": "enabled",
                "http_protocol_ipv6": "disabled",
                "http_put_response_hop_limit": 2,
                "http_tokens": "required",
                "instance_metadata_tags": "disabled"
              }
            ],
            "monitoring": false,
            "network_interface": [],
            "outpost_arn": "",
            "password_data": "",
            "placement_group": "",
            "placement_partition_number": 0,
            "primary_network_interface_id": "eni-052582c57dbae1ac0",
            "private_dns": "ip-10-0-1-147.ec2.internal",
            "private_dns_name_options": [
              {
                "enable_resource_name_dns_a_record": false,
                "enable_resource_name_dns_aaaa_record": false,
                "hostname_type": "ip-name"
              }
            ],
            "private_ip": "10.0.1.147",
            "public_dns": "ec2-34-207-169-3.compute-1.amazonaws.com",
            "public_ip": "34.207.169.3",
            "root_block_device": [
              {
                "delete_on_termination": true,
                "device_name": "/dev/sda1",
                "encrypted": true,
                "iops": 3000,
                "kms_key_id": "arn:aws:kms:us-east-1:365269738775:key/4b738728-3db3-4a53-a9d3-f250316260da",
                "tags": null,
                "tags_all": {},
                "throughput": 125,
                "volume_id": "vol-0220d2c90f95e9c5d",
                "volume_size": 25,
                "volume_type": "gp3"
              }
            ],
            "secondary_private_ips": [],
            "security_groups": [],
            "source_dest_check": true,
            "spot_instance_request_id": "",
            "subnet_id": "subnet-0de8d6e53b9c76a02",
            "tags": {
              "Name": "sonarqube-server",
              "Type": "SonarQube"
            },
            "tags_all": {
              "Name": "sonarqube-server",
              "Type": "SonarQube"
            },
            "tenancy": "default",
            "timeouts": null,
            "user_data": "8ccf3fe6831e7944fe137a536e655f89f9019888",
            "user_data_base64": null,
            "user_data_replace_on_change": false,
            "volume_tags": null,
            "vpc_security_group_ids": [
              "sg-0c85e93616649b396"
            ]
          },
          "sensitive_attributes": [],
          "identity_schema_version": 0,
          "private": "eyJlMmJmYjczMC1lY2FhLTExZTYtOGY4OC0zNDM2M2JjN2M0YzAiOnsiY3JlYXRlIjo2MDAwMDAwMDAwMDAsImRlbGV0ZSI6MTIwMDAwMDAwMDAwMCwicmVhZCI6OTAwMDAwMDAwMDAwLCJ1cGRhdGUiOjYwMDAwMDAwMDAwMH0sInNjaGVtYV92ZXJzaW9uIjoiMSJ9",
          "dependencies": [
            "module.key_pair.aws_key_pair.this",
            "module.key_pair.tls_private_key.this",
            "module.security_groups.aws_security_group.sonarqube",
            "module.vpc.aws_subnet.public",
            "module.vpc.aws_vpc.main",
            "module.vpc.data.aws_availability_zones.available"
          ]
        }
      ]
    },
    {
      "module": "module.vpc",
      "mode": "data",
      "type": "aws_availability_zones",
      "name": "available",
      "provider": "provider[\"registry.terraform.io/hashicorp/aws\"]",
      "instances": [
        {
          "schema_version": 0,
          "attributes": {
            "all_availability_zones": null,
            "exclude_names": null,
            "exclude_zone_ids": null,
            "filter": null,
            "group_names": [
              "us-east-1-zg-1"
            ],
            "id": "us-east-1",
            "names": [
              "us-east-1a",
              "us-east-1b",
              "us-east-1c",
              "us-east-1d",
              "us-east-1e",
              "us-east-1f"
            ],
            "state": "available",
            "timeouts": null,
            "zone_ids": [
              "use1-az6",
              "use1-az1",
              "use1-az2",
              "use1-az4",
              "use1-az3",
              "use1-az5"
            ]
          },
          "sensitive_attributes": [],
          "identity_schema_version": 0
        }
      ]
    },
    {
      "module": "module.vpc",
      "mode": "managed",
      "type": "aws_internet_gateway",
      "name": "main",
      "provider": "provider[\"registry.terraform.io/hashicorp/aws\"]",
      "instances": [
        {
          "schema_version": 0,
          "attributes": {
            "arn": "arn:aws:ec2:us-east-1:365269738775:internet-gateway/igw-0457049efbaf86660",
            "id": "igw-0457049efbaf86660",
            "owner_id": "365269738775",
            "tags": {
              "Name": "devsecops-igw"
            },
            "tags_all": {
              "Name": "devsecops-igw"
            },
            "timeouts": null,
            "vpc_id": "vpc-037e49fdedcfe7070"
          },
          "sensitive_attributes": [],
          "identity_schema_version": 0,
          "private": "eyJlMmJmYjczMC1lY2FhLTExZTYtOGY4OC0zNDM2M2JjN2M0YzAiOnsiY3JlYXRlIjoxMjAwMDAwMDAwMDAwLCJkZWxldGUiOjEyMDAwMDAwMDAwMDAsInVwZGF0ZSI6MTIwMDAwMDAwMDAwMH19",
          "dependencies": [
            "module.vpc.aws_vpc.main"
          ]
        }
      ]
    },
    {
      "module": "module.vpc",
      "mode": "managed",
      "type": "aws_route_table",
      "name": "public",
      "provider": "provider[\"registry.terraform.io/hashicorp/aws\"]",
      "instances": [
        {
          "schema_version": 0,
          "attributes": {
            "arn": "arn:aws:ec2:us-east-1:365269738775:route-table/rtb-0e53af573d94bfb3a",
            "id": "rtb-0e53af573d94bfb3a",
            "owner_id": "365269738775",
            "propagating_vgws": [],
            "route": [
              {
                "carrier_gateway_id": "",
                "cidr_block": "0.0.0.0/0",
                "core_network_arn": "",
                "destination_prefix_list_id": "",
                "egress_only_gateway_id": "",
                "gateway_id": "igw-0457049efbaf86660",
                "ipv6_cidr_block": "",
                "local_gateway_id": "",
                "nat_gateway_id": "",
                "network_interface_id": "",
                "transit_gateway_id": "",
                "vpc_endpoint_id": "",
                "vpc_peering_connection_id": ""
              }
            ],
            "tags": {
              "Name": "devsecops-public-rt"
            },
            "tags_all": {
              "Name": "devsecops-public-rt"
            },
            "timeouts": null,
            "vpc_id": "vpc-037e49fdedcfe7070"
          },
          "sensitive_attributes": [],
          "identity_schema_version": 0,
          "private": "eyJlMmJmYjczMC1lY2FhLTExZTYtOGY4OC0zNDM2M2JjN2M0YzAiOnsiY3JlYXRlIjozMDAwMDAwMDAwMDAsImRlbGV0ZSI6MzAwMDAwMDAwMDAwLCJ1cGRhdGUiOjEyMDAwMDAwMDAwMH19",
          "dependencies": [
            "module.vpc.aws_internet_gateway.main",
            "module.vpc.aws_vpc.main"
          ]
        }
      ]
    },
    {
      "module": "module.vpc",
      "mode": "managed",
      "type": "aws_route_table_association",
      "name": "public",
      "provider": "provider[\"registry.terraform.io/hashicorp/aws\"]",
      "instances": [
        {
          "schema_version": 0,
          "attributes": {
            "gateway_id": "",
            "id": "rtbassoc-0eee577e9a1f8a14d",
            "route_table_id": "rtb-0e53af573d94bfb3a",
            "subnet_id": "subnet-0de8d6e53b9c76a02",
            "timeouts": null
          },
          "sensitive_attributes": [],
          "identity_schema_version": 0,
          "private": "eyJlMmJmYjczMC1lY2FhLTExZTYtOGY4OC0zNDM2M2JjN2M0YzAiOnsiY3JlYXRlIjozMDAwMDAwMDAwMDAsImRlbGV0ZSI6MzAwMDAwMDAwMDAwLCJ1cGRhdGUiOjEyMDAwMDAwMDAwMH19",
          "dependencies": [
            "module.vpc.aws_internet_gateway.main",
            "module.vpc.aws_route_table.public",
            "module.vpc.aws_subnet.public",
            "module.vpc.aws_vpc.main",
            "module.vpc.data.aws_availability_zones.available"
          ]
        }
      ]
    },
    {
      "module": "module.vpc",
      "mode": "managed",
      "type": "aws_subnet",
      "name": "public",
      "provider": "provider[\"registry.terraform.io/hashicorp/aws\"]",
      "instances": [
        {
          "schema_version": 1,
          "attributes": {
            "arn": "arn:aws:ec2:us-east-1:365269738775:subnet/subnet-0de8d6e53b9c76a02",
            "assign_ipv6_address_on_creation": false,
            "availability_zone": "us-east-1a",
            "availability_zone_id": "use1-az6",
            "cidr_block": "10.0.1.0/24",
            "customer_owned_ipv4_pool": "",
            "enable_dns64": false,
            "enable_lni_at_device_index": 0,
            "enable_resource_name_dns_a_record_on_launch": false,
            "enable_resource_name_dns_aaaa_record_on_launch": false,
            "id": "subnet-0de8d6e53b9c76a02",
            "ipv6_cidr_block": "",
            "ipv6_cidr_block_association_id": "",
            "ipv6_native": false,
            "map_customer_owned_ip_on_launch": false,
            "map_public_ip_on_launch": true,
            "outpost_arn": "",
            "owner_id": "365269738775",
            "private_dns_hostname_type_on_launch": "ip-name",
            "tags": {
              "Name": "devsecops-public-subnet"
            },
            "tags_all": {
              "Name": "devsecops-public-subnet"
            },
            "timeouts": null,
            "vpc_id": "vpc-037e49fdedcfe7070"
          },
          "sensitive_attributes": [],
          "identity_schema_version": 0,
          "private": "eyJlMmJmYjczMC1lY2FhLTExZTYtOGY4OC0zNDM2M2JjN2M0YzAiOnsiY3JlYXRlIjo2MDAwMDAwMDAwMDAsImRlbGV0ZSI6MTIwMDAwMDAwMDAwMH0sInNjaGVtYV92ZXJzaW9uIjoiMSJ9",
          "dependencies": [
            "module.vpc.aws_vpc.main",
            "module.vpc.data.aws_availability_zones.available"
          ]
        }
      ]
    },
    {
      "module": "module.vpc",
      "mode": "managed",
      "type": "aws_vpc",
      "name": "main",
      "provider": "provider[\"registry.terraform.io/hashicorp/aws\"]",
      "instances": [
        {
          "schema_version": 1,
          "attributes": {
            "arn": "arn:aws:ec2:us-east-1:365269738775:vpc/vpc-037e49fdedcfe7070",
            "assign_generated_ipv6_cidr_block": false,
            "cidr_block": "10.0.0.0/16",
            "default_network_acl_id": "acl-05763d116aaafed0f",
            "default_route_table_id": "rtb-05ee1bb051ac5b1ff",
            "default_security_group_id": "sg-02819623565a2f3bc",
            "dhcp_options_id": "dopt-05758a13926924ebb",
            "enable_dns_hostnames": true,
            "enable_dns_support": true,
            "enable_network_address_usage_metrics": false,
            "id": "vpc-037e49fdedcfe7070",
            "instance_tenancy": "default",
            "ipv4_ipam_pool_id": null,
            "ipv4_netmask_length": null,
            "ipv6_association_id": "",
            "ipv6_cidr_block": "",
            "ipv6_cidr_block_network_border_group": "",
            "ipv6_ipam_pool_id": "",
            "ipv6_netmask_length": 0,
            "main_route_table_id": "rtb-05ee1bb051ac5b1ff",
            "owner_id": "365269738775",
            "tags": {
              "Name": "devsecops-vpc"
            },
            "tags_all": {
              "Name": "devsecops-vpc"
            }
          },
          "sensitive_attributes": [],
          "identity_schema_version": 0,
          "private": "eyJzY2hlbWFfdmVyc2lvbiI6IjEifQ=="
        }
      ]
    }
  ],
  "check_results": null
}
