{
  "version": 4,
  "terraform_version": "1.12.2",
  "serial": 4,
  "lineage": "da9fb840-042d-a12a-122b-21842fedd33f",
  "outputs": {},
  "resources": [
    {
      "mode": "managed",
      "type": "local_file",
      "name": "example",
      "provider": "provider[\"registry.terraform.io/hashicorp/local\"]",
      "instances": [
        {
          "schema_version": 0,
          "attributes": {
            "content": "The God content",
            "content_base64": null,
            "content_base64sha256": "/uUPkm+fjqg+8UwhkejHC/nRqAe6oZ98AQe7Cg+fv1o=",
            "content_base64sha512": "izOoUCmnvGBJzmF0TJqqJLfijzOMy7DryFiXEXOtnHwAp8Eauv8ofjLA+xs7bm65MdnKIhRU8GUexEnYerJKZA==",
            "content_md5": "f430e0dc0c88e88dd8f66ceef6fba2a5",
            "content_sha1": "3f38a71391b129f7dac2e4689a8554c2d3c29a52",
            "content_sha256": "fee50f926f9f8ea83ef14c2191e8c70bf9d1a807baa19f7c0107bb0a0f9fbf5a",
            "content_sha512": "8b33a85029a7bc6049ce61744c9aaa24b7e28f338ccbb0ebc858971173ad9c7c00a7c11abaff287e32c0fb1b3b6e6eb931d9ca221454f0651ec449d87ab24a64",
            "directory_permission": "0777",
            "file_permission": "0777",
            "filename": "./from-env-var.txt",
            "id": "3f38a71391b129f7dac2e4689a8554c2d3c29a52",
            "sensitive_content": null,
            "source": null
          },
          "sensitive_attributes": [
            [
              {
                "type": "get_attr",
                "value": "sensitive_content"
              }
            ]
          ],
          "identity_schema_version": 0
        }
      ]
    }
  ],
  "check_results": null
}
