{
  "version": 4,
  "terraform_version": "1.12.2",
  "serial": 18,
  "lineage": "e184f5e5-7fe9-886a-2042-ced3c5d675eb",
  "outputs": {},
  "resources": [
    {
      "mode": "managed",
      "type": "local_sensitive_file",
      "name": "tf_sensitive",
      "provider": "provider[\"registry.terraform.io/hashicorp/local\"]",
      "instances": [
        {
          "schema_version": 0,
          "attributes": {
            "content": "Chuck",
            "content_base64": null,
            "content_base64sha256": "7uPt+CpMwisMO0tVrVAmIFenTrg6qBGJnRe4jiIVll0=",
            "content_base64sha512": "KnmOAwcnPWla3z7cnqkuLcU8C3lrZ0+FTVAJmiNzayK2XUlm526vnv1MXfovF98Jji4ktNqMYxrWT7WssPjpdw==",
            "content_md5": "78193bb6ffe829b49981b494ab243a82",
            "content_sha1": "5a2e1d59e22e40dc2f955fc4793b5b437cc1f430",
            "content_sha256": "eee3edf82a4cc22b0c3b4b55ad50262057a74eb83aa811899d17b88e2215965d",
            "content_sha512": "2a798e0307273d695adf3edc9ea92e2dc53c0b796b674f854d50099a23736b22b65d4966e76eaf9efd4c5dfa2f17df098e2e24b4da8c631ad64fb5acb0f8e977",
            "directory_permission": "0700",
            "file_permission": "0700",
            "filename": "./sensitive.md",
            "id": "5a2e1d59e22e40dc2f955fc4793b5b437cc1f430",
            "source": null
          },
          "sensitive_attributes": [
            [
              {
                "type": "get_attr",
                "value": "content"
              }
            ],
            [
              {
                "type": "get_attr",
                "value": "content_base64"
              }
            ]
          ],
          "identity_schema_version": 0
        }
      ]
    }
  ],
  "check_results": null
}
