{
  "version": 4,
  "terraform_version": "1.12.2",
  "serial": 19,
  "lineage": "51999151-794f-dc70-3e12-cfd738eea334",
  "outputs": {},
  "resources": [
    {
      "mode": "managed",
      "type": "local_file",
      "name": "tf_example1",
      "provider": "provider[\"registry.terraform.io/hashicorp/local\"]",
      "instances": [
        {
          "index_key": 0,
          "schema_version": 0,
          "attributes": {
            "content": "Ganil is of many",
            "content_base64": null,
            "content_base64sha256": "WYMiGY+bOUI6zd5j4qC80BGdoKL5iJqcudrvJzspNpI=",
            "content_base64sha512": "a23ujjlDMgC8S4nAprm6Te4YAIeA+tQ+8FpfQHwXDVctijgUU9jPbD3xyxtE2SuHYpAWLkOTOwA6LVRYctzsjw==",
            "content_md5": "d0cd7599ec909d4c405514fd138654df",
            "content_sha1": "c8379f65264170099a13486f7954a8b88fd08577",
            "content_sha256": "598322198f9b39423acdde63e2a0bcd0119da0a2f9889a9cb9daef273b293692",
            "content_sha512": "6b6dee8e39433200bc4b89c0a6b9ba4dee18008780fad43ef05a5f407c170d572d8a381453d8cf6c3df1cb1b44d92b876290162e43933b003a2d545872dcec8f",
            "directory_permission": "0777",
            "file_permission": "0777",
            "filename": "./example1-0.txt",
            "id": "c8379f65264170099a13486f7954a8b88fd08577",
            "sensitive_content": null,
            "source": null
          },
          "sensitive_attributes": [
            [
              {
                "type": "get_attr",
                "value": "sensitive_content"
              }
            ]
          ],
          "identity_schema_version": 0
        },
        {
          "index_key": 1,
          "schema_version": 0,
          "attributes": {
            "content": "Ganil is of many",
            "content_base64": null,
            "content_base64sha256": "WYMiGY+bOUI6zd5j4qC80BGdoKL5iJqcudrvJzspNpI=",
            "content_base64sha512": "a23ujjlDMgC8S4nAprm6Te4YAIeA+tQ+8FpfQHwXDVctijgUU9jPbD3xyxtE2SuHYpAWLkOTOwA6LVRYctzsjw==",
            "content_md5": "d0cd7599ec909d4c405514fd138654df",
            "content_sha1": "c8379f65264170099a13486f7954a8b88fd08577",
            "content_sha256": "598322198f9b39423acdde63e2a0bcd0119da0a2f9889a9cb9daef273b293692",
            "content_sha512": "6b6dee8e39433200bc4b89c0a6b9ba4dee18008780fad43ef05a5f407c170d572d8a381453d8cf6c3df1cb1b44d92b876290162e43933b003a2d545872dcec8f",
            "directory_permission": "0777",
            "file_permission": "0777",
            "filename": "./example1-1.txt",
            "id": "c8379f65264170099a13486f7954a8b88fd08577",
            "sensitive_content": null,
            "source": null
          },
          "sensitive_attributes": [
            [
              {
                "type": "get_attr",
                "value": "sensitive_content"
              }
            ]
          ],
          "identity_schema_version": 0
        },
        {
          "index_key": 2,
          "schema_version": 0,
          "attributes": {
            "content": "Ganil is of many",
            "content_base64": null,
            "content_base64sha256": "WYMiGY+bOUI6zd5j4qC80BGdoKL5iJqcudrvJzspNpI=",
            "content_base64sha512": "a23ujjlDMgC8S4nAprm6Te4YAIeA+tQ+8FpfQHwXDVctijgUU9jPbD3xyxtE2SuHYpAWLkOTOwA6LVRYctzsjw==",
            "content_md5": "d0cd7599ec909d4c405514fd138654df",
            "content_sha1": "c8379f65264170099a13486f7954a8b88fd08577",
            "content_sha256": "598322198f9b39423acdde63e2a0bcd0119da0a2f9889a9cb9daef273b293692",
            "content_sha512": "6b6dee8e39433200bc4b89c0a6b9ba4dee18008780fad43ef05a5f407c170d572d8a381453d8cf6c3df1cb1b44d92b876290162e43933b003a2d545872dcec8f",
            "directory_permission": "0777",
            "file_permission": "0777",
            "filename": "./example1-2.txt",
            "id": "c8379f65264170099a13486f7954a8b88fd08577",
            "sensitive_content": null,
            "source": null
          },
          "sensitive_attributes": [
            [
              {
                "type": "get_attr",
                "value": "sensitive_content"
              }
            ]
          ],
          "identity_schema_version": 0
        }
      ]
    }
  ],
  "check_results": null
}
